
Microsoft Visual Studio Solution File, Format Version 12.00
# Visual Studio Version 16
VisualStudioVersion = 16.0.30011.22
MinimumVisualStudioVersion = 10.0.40219.1
Project("{FAE04EC0-301F-11D3-BF4B-00C04F79EFBC}") = "IntegerType", "IntegerType\IntegerType.csproj", "{BAB94CB4-819E-451E-A4FB-CC904AF7D2E2}"
EndProject
Project("{FAE04EC0-301F-11D3-BF4B-00C04F79EFBC}") = "Boxing_Unboxing", "Boxing_Unboxing\Boxing_Unboxing.csproj", "{ED85B6CE-FD34-4C57-9956-96E7B3F1CB0F}"
EndProject
Project("{2150E333-8FDC-42A3-9474-1A3956D46DE8}") = "Chap03", "Chap03", "{DF8E1E7A-79D2-4072-82E9-68942C62D83A}"
EndProject
Project("{FAE04EC0-301F-11D3-BF4B-00C04F79EFBC}") = "IntegeralConversion", "IntegeralConversion\IntegeralConversion.csproj", "{22162B50-3A48-4553-97E8-C24ED9347651}"
EndProject
Project("{FAE04EC0-301F-11D3-BF4B-00C04F79EFBC}") = "Parse", "Parse\Parse.csproj", "{8AC4998F-A019-40AC-ABB0-02AD86AE8A37}"
EndProject
Project("{FAE04EC0-301F-11D3-BF4B-00C04F79EFBC}") = "StringSearch", "StringSearch\StringSearch.csproj", "{58DEC5CB-2365-47CA-B1C7-D832C551229D}"
EndProject
Project("{2150E333-8FDC-42A3-9474-1A3956D46DE8}") = "Chap04", "Chap04", "{ABCA63F7-D041-4A8B-AC08-FB0AD66331CF}"
EndProject
Project("{FAE04EC0-301F-11D3-BF4B-00C04F79EFBC}") = "ConditionalStatement", "ConditionalStatement\ConditionalStatement.csproj", "{4CF75AC8-D7DC-4DB6-8075-7DB43AE648E7}"
EndProject
Project("{2150E333-8FDC-42A3-9474-1A3956D46DE8}") = "Chap05", "Chap05", "{A33D7C35-54B9-48B1-BD9A-43EEA15681D3}"
EndProject
Project("{FAE04EC0-301F-11D3-BF4B-00C04F79EFBC}") = "LoopStatement", "LoopStatement\LoopStatement.csproj", "{C19BC798-D77D-4546-BE96-2382F9DB41B5}"
EndProject
Project("{2150E333-8FDC-42A3-9474-1A3956D46DE8}") = "Chap06", "Chap06", "{45CD3C82-D8CD-479A-802D-FFF20B13E054}"
EndProject
Project("{FAE04EC0-301F-11D3-BF4B-00C04F79EFBC}") = "SwapByValue", "SwapByValue\SwapByValue.csproj", "{196B485C-B2AB-42C5-9CBE-86DBFF30AB91}"
EndProject
Project("{FAE04EC0-301F-11D3-BF4B-00C04F79EFBC}") = "SwapByRef", "SwapByRef\SwapByRef.csproj", "{5EF37B78-6587-46F5-905A-FFAB739FCC04}"
EndProject
Project("{FAE04EC0-301F-11D3-BF4B-00C04F79EFBC}") = "RefReturn", "RefReturn\RefReturn.csproj", "{CEBD0678-E65B-4CF1-8787-09ACFA410BDE}"
EndProject
Project("{FAE04EC0-301F-11D3-BF4B-00C04F79EFBC}") = "Overloading", "Overloading\Overloading.csproj", "{1082781C-8F43-4803-85BA-E8012B195201}"
EndProject
Project("{FAE04EC0-301F-11D3-BF4B-00C04F79EFBC}") = "LocalFunction", "LocalFunction\LocalFunction.csproj", "{760BDC47-7C28-427C-BFEF-EFA19AD71963}"
EndProject
Global
	GlobalSection(SolutionConfigurationPlatforms) = preSolution
		Debug|Any CPU = Debug|Any CPU
		Release|Any CPU = Release|Any CPU
	EndGlobalSection
	GlobalSection(ProjectConfigurationPlatforms) = postSolution
		{BAB94CB4-819E-451E-A4FB-CC904AF7D2E2}.Debug|Any CPU.ActiveCfg = Debug|Any CPU
		{BAB94CB4-819E-451E-A4FB-CC904AF7D2E2}.Debug|Any CPU.Build.0 = Debug|Any CPU
		{BAB94CB4-819E-451E-A4FB-CC904AF7D2E2}.Release|Any CPU.ActiveCfg = Release|Any CPU
		{BAB94CB4-819E-451E-A4FB-CC904AF7D2E2}.Release|Any CPU.Build.0 = Release|Any CPU
		{ED85B6CE-FD34-4C57-9956-96E7B3F1CB0F}.Debug|Any CPU.ActiveCfg = Debug|Any CPU
		{ED85B6CE-FD34-4C57-9956-96E7B3F1CB0F}.Debug|Any CPU.Build.0 = Debug|Any CPU
		{ED85B6CE-FD34-4C57-9956-96E7B3F1CB0F}.Release|Any CPU.ActiveCfg = Release|Any CPU
		{ED85B6CE-FD34-4C57-9956-96E7B3F1CB0F}.Release|Any CPU.Build.0 = Release|Any CPU
		{22162B50-3A48-4553-97E8-C24ED9347651}.Debug|Any CPU.ActiveCfg = Debug|Any CPU
		{22162B50-3A48-4553-97E8-C24ED9347651}.Debug|Any CPU.Build.0 = Debug|Any CPU
		{22162B50-3A48-4553-97E8-C24ED9347651}.Release|Any CPU.ActiveCfg = Release|Any CPU
		{22162B50-3A48-4553-97E8-C24ED9347651}.Release|Any CPU.Build.0 = Release|Any CPU
		{8AC4998F-A019-40AC-ABB0-02AD86AE8A37}.Debug|Any CPU.ActiveCfg = Debug|Any CPU
		{8AC4998F-A019-40AC-ABB0-02AD86AE8A37}.Debug|Any CPU.Build.0 = Debug|Any CPU
		{8AC4998F-A019-40AC-ABB0-02AD86AE8A37}.Release|Any CPU.ActiveCfg = Release|Any CPU
		{8AC4998F-A019-40AC-ABB0-02AD86AE8A37}.Release|Any CPU.Build.0 = Release|Any CPU
		{58DEC5CB-2365-47CA-B1C7-D832C551229D}.Debug|Any CPU.ActiveCfg = Debug|Any CPU
		{58DEC5CB-2365-47CA-B1C7-D832C551229D}.Debug|Any CPU.Build.0 = Debug|Any CPU
		{58DEC5CB-2365-47CA-B1C7-D832C551229D}.Release|Any CPU.ActiveCfg = Release|Any CPU
		{58DEC5CB-2365-47CA-B1C7-D832C551229D}.Release|Any CPU.Build.0 = Release|Any CPU
		{4CF75AC8-D7DC-4DB6-8075-7DB43AE648E7}.Debug|Any CPU.ActiveCfg = Debug|Any CPU
		{4CF75AC8-D7DC-4DB6-8075-7DB43AE648E7}.Debug|Any CPU.Build.0 = Debug|Any CPU
		{4CF75AC8-D7DC-4DB6-8075-7DB43AE648E7}.Release|Any CPU.ActiveCfg = Release|Any CPU
		{4CF75AC8-D7DC-4DB6-8075-7DB43AE648E7}.Release|Any CPU.Build.0 = Release|Any CPU
		{C19BC798-D77D-4546-BE96-2382F9DB41B5}.Debug|Any CPU.ActiveCfg = Debug|Any CPU
		{C19BC798-D77D-4546-BE96-2382F9DB41B5}.Debug|Any CPU.Build.0 = Debug|Any CPU
		{C19BC798-D77D-4546-BE96-2382F9DB41B5}.Release|Any CPU.ActiveCfg = Release|Any CPU
		{C19BC798-D77D-4546-BE96-2382F9DB41B5}.Release|Any CPU.Build.0 = Release|Any CPU
		{196B485C-B2AB-42C5-9CBE-86DBFF30AB91}.Debug|Any CPU.ActiveCfg = Debug|Any CPU
		{196B485C-B2AB-42C5-9CBE-86DBFF30AB91}.Debug|Any CPU.Build.0 = Debug|Any CPU
		{196B485C-B2AB-42C5-9CBE-86DBFF30AB91}.Release|Any CPU.ActiveCfg = Release|Any CPU
		{196B485C-B2AB-42C5-9CBE-86DBFF30AB91}.Release|Any CPU.Build.0 = Release|Any CPU
		{5EF37B78-6587-46F5-905A-FFAB739FCC04}.Debug|Any CPU.ActiveCfg = Debug|Any CPU
		{5EF37B78-6587-46F5-905A-FFAB739FCC04}.Debug|Any CPU.Build.0 = Debug|Any CPU
		{5EF37B78-6587-46F5-905A-FFAB739FCC04}.Release|Any CPU.ActiveCfg = Release|Any CPU
		{5EF37B78-6587-46F5-905A-FFAB739FCC04}.Release|Any CPU.Build.0 = Release|Any CPU
		{CEBD0678-E65B-4CF1-8787-09ACFA410BDE}.Debug|Any CPU.ActiveCfg = Debug|Any CPU
		{CEBD0678-E65B-4CF1-8787-09ACFA410BDE}.Debug|Any CPU.Build.0 = Debug|Any CPU
		{CEBD0678-E65B-4CF1-8787-09ACFA410BDE}.Release|Any CPU.ActiveCfg = Release|Any CPU
		{CEBD0678-E65B-4CF1-8787-09ACFA410BDE}.Release|Any CPU.Build.0 = Release|Any CPU
		{1082781C-8F43-4803-85BA-E8012B195201}.Debug|Any CPU.ActiveCfg = Debug|Any CPU
		{1082781C-8F43-4803-85BA-E8012B195201}.Debug|Any CPU.Build.0 = Debug|Any CPU
		{1082781C-8F43-4803-85BA-E8012B195201}.Release|Any CPU.ActiveCfg = Release|Any CPU
		{1082781C-8F43-4803-85BA-E8012B195201}.Release|Any CPU.Build.0 = Release|Any CPU
		{760BDC47-7C28-427C-BFEF-EFA19AD71963}.Debug|Any CPU.ActiveCfg = Debug|Any CPU
		{760BDC47-7C28-427C-BFEF-EFA19AD71963}.Debug|Any CPU.Build.0 = Debug|Any CPU
		{760BDC47-7C28-427C-BFEF-EFA19AD71963}.Release|Any CPU.ActiveCfg = Release|Any CPU
		{760BDC47-7C28-427C-BFEF-EFA19AD71963}.Release|Any CPU.Build.0 = Release|Any CPU
	EndGlobalSection
	GlobalSection(SolutionProperties) = preSolution
		HideSolutionNode = FALSE
	EndGlobalSection
	GlobalSection(NestedProjects) = preSolution
		{BAB94CB4-819E-451E-A4FB-CC904AF7D2E2} = {DF8E1E7A-79D2-4072-82E9-68942C62D83A}
		{ED85B6CE-FD34-4C57-9956-96E7B3F1CB0F} = {DF8E1E7A-79D2-4072-82E9-68942C62D83A}
		{22162B50-3A48-4553-97E8-C24ED9347651} = {DF8E1E7A-79D2-4072-82E9-68942C62D83A}
		{8AC4998F-A019-40AC-ABB0-02AD86AE8A37} = {DF8E1E7A-79D2-4072-82E9-68942C62D83A}
		{58DEC5CB-2365-47CA-B1C7-D832C551229D} = {DF8E1E7A-79D2-4072-82E9-68942C62D83A}
		{4CF75AC8-D7DC-4DB6-8075-7DB43AE648E7} = {ABCA63F7-D041-4A8B-AC08-FB0AD66331CF}
		{C19BC798-D77D-4546-BE96-2382F9DB41B5} = {A33D7C35-54B9-48B1-BD9A-43EEA15681D3}
		{196B485C-B2AB-42C5-9CBE-86DBFF30AB91} = {45CD3C82-D8CD-479A-802D-FFF20B13E054}
		{5EF37B78-6587-46F5-905A-FFAB739FCC04} = {45CD3C82-D8CD-479A-802D-FFF20B13E054}
		{CEBD0678-E65B-4CF1-8787-09ACFA410BDE} = {45CD3C82-D8CD-479A-802D-FFF20B13E054}
		{1082781C-8F43-4803-85BA-E8012B195201} = {45CD3C82-D8CD-479A-802D-FFF20B13E054}
		{760BDC47-7C28-427C-BFEF-EFA19AD71963} = {45CD3C82-D8CD-479A-802D-FFF20B13E054}
	EndGlobalSection
	GlobalSection(ExtensibilityGlobals) = postSolution
		SolutionGuid = {204D3201-95AE-4C08-88B4-F574D13147D0}
	EndGlobalSection
EndGlobal
