
Microsoft Visual Studio Solution File, Format Version 12.00
# Visual Studio Version 16
VisualStudioVersion = 16.0.30011.22
MinimumVisualStudioVersion = 10.0.40219.1
Project("{FAE04EC0-301F-11D3-BF4B-00C04F79EFBC}") = "IntegerType", "IntegerType\IntegerType.csproj", "{BAB94CB4-819E-451E-A4FB-CC904AF7D2E2}"
EndProject
Project("{FAE04EC0-301F-11D3-BF4B-00C04F79EFBC}") = "Boxing_Unboxing", "Boxing_Unboxing\Boxing_Unboxing.csproj", "{ED85B6CE-FD34-4C57-9956-96E7B3F1CB0F}"
EndProject
Project("{2150E333-8FDC-42A3-9474-1A3956D46DE8}") = "Chap03", "Chap03", "{DF8E1E7A-79D2-4072-82E9-68942C62D83A}"
EndProject
Project("{FAE04EC0-301F-11D3-BF4B-00C04F79EFBC}") = "IntegeralConversion", "IntegeralConversion\IntegeralConversion.csproj", "{22162B50-3A48-4553-97E8-C24ED9347651}"
EndProject
Project("{FAE04EC0-301F-11D3-BF4B-00C04F79EFBC}") = "Parse", "Parse\Parse.csproj", "{8AC4998F-A019-40AC-ABB0-02AD86AE8A37}"
EndProject
Project("{FAE04EC0-301F-11D3-BF4B-00C04F79EFBC}") = "StringSearch", "StringSearch\StringSearch.csproj", "{58DEC5CB-2365-47CA-B1C7-D832C551229D}"
EndProject
Project("{2150E333-8FDC-42A3-9474-1A3956D46DE8}") = "Chap04", "Chap04", "{ABCA63F7-D041-4A8B-AC08-FB0AD66331CF}"
EndProject
Project("{FAE04EC0-301F-11D3-BF4B-00C04F79EFBC}") = "ConditionalStatement", "ConditionalStatement\ConditionalStatement.csproj", "{4CF75AC8-D7DC-4DB6-8075-7DB43AE648E7}"
EndProject
Project("{2150E333-8FDC-42A3-9474-1A3956D46DE8}") = "Chap05", "Chap05", "{A33D7C35-54B9-48B1-BD9A-43EEA15681D3}"
EndProject
Project("{FAE04EC0-301F-11D3-BF4B-00C04F79EFBC}") = "LoopStatement", "LoopStatement\LoopStatement.csproj", "{C19BC798-D77D-4546-BE96-2382F9DB41B5}"
EndProject
Project("{2150E333-8FDC-42A3-9474-1A3956D46DE8}") = "Chap06", "Chap06", "{45CD3C82-D8CD-479A-802D-FFF20B13E054}"
EndProject
Project("{FAE04EC0-301F-11D3-BF4B-00C04F79EFBC}") = "SwapByValue", "SwapByValue\SwapByValue.csproj", "{196B485C-B2AB-42C5-9CBE-86DBFF30AB91}"
EndProject
Project("{FAE04EC0-301F-11D3-BF4B-00C04F79EFBC}") = "SwapByRef", "SwapByRef\SwapByRef.csproj", "{5EF37B78-6587-46F5-905A-FFAB739FCC04}"
EndProject
Project("{FAE04EC0-301F-11D3-BF4B-00C04F79EFBC}") = "RefReturn", "RefReturn\RefReturn.csproj", "{CEBD0678-E65B-4CF1-8787-09ACFA410BDE}"
EndProject
Project("{FAE04EC0-301F-11D3-BF4B-00C04F79EFBC}") = "Overloading", "Overloading\Overloading.csproj", "{1082781C-8F43-4803-85BA-E8012B195201}"
EndProject
Project("{FAE04EC0-301F-11D3-BF4B-00C04F79EFBC}") = "LocalFunction", "LocalFunction\LocalFunction.csproj", "{760BDC47-7C28-427C-BFEF-EFA19AD71963}"
EndProject
Project("{2150E333-8FDC-42A3-9474-1A3956D46DE8}") = "Chap07", "Chap07", "{62DCF784-1194-4754-B3DD-B12E5CC5E96C}"
EndProject
Project("{FAE04EC0-301F-11D3-BF4B-00C04F79EFBC}") = "BasicClass", "BasicClass\BasicClass.csproj", "{3A980F77-4FED-473F-BC73-8E9F63F1BA78}"
EndProject
Project("{FAE04EC0-301F-11D3-BF4B-00C04F79EFBC}") = "StaticField", "StaticField\StaticField.csproj", "{0B049836-0486-401C-82AE-9305EE7EA32C}"
EndProject
Project("{FAE04EC0-301F-11D3-BF4B-00C04F79EFBC}") = "DeepCopy", "DeepCopy\DeepCopy.csproj", "{7628F1A5-DAF8-4A77-80B4-19E5644F83F9}"
EndProject
Project("{FAE04EC0-301F-11D3-BF4B-00C04F79EFBC}") = "Inheritance", "Inheritance\Inheritance.csproj", "{FEDD7F59-0FD0-4BE1-9B79-429AF5C77177}"
EndProject
Project("{FAE04EC0-301F-11D3-BF4B-00C04F79EFBC}") = "TypeCasting", "TypeCasting\TypeCasting.csproj", "{4AFEDC5E-715F-4D02-87E7-96DDDE1A20E5}"
EndProject
Project("{FAE04EC0-301F-11D3-BF4B-00C04F79EFBC}") = "Structure", "Structure\Structure.csproj", "{504FC035-A7EC-465C-B4BD-8EFA30560DBF}"
EndProject
Project("{FAE04EC0-301F-11D3-BF4B-00C04F79EFBC}") = "Tuple", "Tuple\Tuple.csproj", "{FEC5F957-ED67-407C-963F-0040EB1569E6}"
EndProject
Project("{FAE04EC0-301F-11D3-BF4B-00C04F79EFBC}") = "Interface", "Interface\Interface.csproj", "{5A076CA9-E42C-4968-AD4E-5865D0D4225A}"
EndProject
Project("{2150E333-8FDC-42A3-9474-1A3956D46DE8}") = "Chap08", "Chap08", "{6D28F960-90DA-4208-A6B7-3DA9295DD08B}"
EndProject
Project("{FAE04EC0-301F-11D3-BF4B-00C04F79EFBC}") = "MultiInterface", "MultiInterface\MultiInterface.csproj", "{D045C708-2029-4564-A6F4-7DC8082849A3}"
EndProject
Project("{FAE04EC0-301F-11D3-BF4B-00C04F79EFBC}") = "AbstractClass", "AbstractClass\AbstractClass.csproj", "{F1B1FB5B-3BBA-4882-A204-2FAEDDA37ADB}"
EndProject
Project("{2150E333-8FDC-42A3-9474-1A3956D46DE8}") = "Chap09", "Chap09", "{7A431774-B954-4F5E-AA12-F7839146ABA0}"
EndProject
Project("{FAE04EC0-301F-11D3-BF4B-00C04F79EFBC}") = "Property", "Property\Property.csproj", "{ACFECD30-492F-48EC-A36B-635F015A0837}"
EndProject
Project("{2150E333-8FDC-42A3-9474-1A3956D46DE8}") = "Chap10", "Chap10", "{9EC816E8-E71A-40A4-A63F-0C7424D15D67}"
EndProject
Project("{FAE04EC0-301F-11D3-BF4B-00C04F79EFBC}") = "ArrayList", "ArrayList\ArrayList.csproj", "{90C681F7-0D98-45FA-B839-7B823E11073A}"
EndProject
Project("{FAE04EC0-301F-11D3-BF4B-00C04F79EFBC}") = "Indexer", "Indexer\Indexer.csproj", "{89E12E40-7C7C-45FD-9EDA-32F9F92D135D}"
EndProject
Project("{FAE04EC0-301F-11D3-BF4B-00C04F79EFBC}") = "Yield", "Yield\Yield.csproj", "{17DD5A1F-EC89-46A7-9D2D-232188E5A99E}"
EndProject
Project("{FAE04EC0-301F-11D3-BF4B-00C04F79EFBC}") = "Enumerable", "Enumerable\Enumerable.csproj", "{D33A80BD-279A-4888-9E26-6C91F901A7A5}"
EndProject
Project("{2150E333-8FDC-42A3-9474-1A3956D46DE8}") = "Chap11", "Chap11", "{B6E2D519-F97F-49A2-8EE9-D1D7A242979B}"
EndProject
Project("{FAE04EC0-301F-11D3-BF4B-00C04F79EFBC}") = "CopyingArray", "CopyingArray\CopyingArray.csproj", "{949EDB37-5DEB-4D69-983E-01C84E4E2C40}"
EndProject
Project("{FAE04EC0-301F-11D3-BF4B-00C04F79EFBC}") = "Generic", "Generic\Generic.csproj", "{CB0C6E03-6A05-4600-B822-0A3B0456996F}"
EndProject
Project("{FAE04EC0-301F-11D3-BF4B-00C04F79EFBC}") = "ConstraintsOnTypeParameters", "ConstraintsOnTypeParameters\ConstraintsOnTypeParameters.csproj", "{57CDF535-B918-4056-9D87-4AADD82A55DF}"
EndProject
Project("{FAE04EC0-301F-11D3-BF4B-00C04F79EFBC}") = "UsingDictionary", "UsingDictionary\UsingDictionary.csproj", "{3F942928-FF31-455F-860F-6D21DB12424F}"
EndProject
Project("{2150E333-8FDC-42A3-9474-1A3956D46DE8}") = "Chap12", "Chap12", "{36D912BB-6C1E-4FB0-804C-4D06D68ED47D}"
EndProject
Project("{FAE04EC0-301F-11D3-BF4B-00C04F79EFBC}") = "KillingProgram", "KillingProgram\KillingProgram.csproj", "{BEF4AE1C-9A8C-4871-8E70-A72CE022D552}"
EndProject
Project("{FAE04EC0-301F-11D3-BF4B-00C04F79EFBC}") = "Throw", "Throw\Throw.csproj", "{8005A5E5-9ED7-4BC8-ADB9-BC3E854312A9}"
EndProject
Project("{FAE04EC0-301F-11D3-BF4B-00C04F79EFBC}") = "Finally", "Finally\Finally.csproj", "{B19A08E0-4A8C-4A45-983E-8BF58497A8AB}"
EndProject
Project("{2150E333-8FDC-42A3-9474-1A3956D46DE8}") = "Chap13", "Chap13", "{FCE2606A-FF60-45C2-BC23-0845E8DAD995}"
EndProject
Project("{FAE04EC0-301F-11D3-BF4B-00C04F79EFBC}") = "Delegate", "Delegate\Delegate.csproj", "{CF08AC32-3C97-46F4-813D-0F42136A6054}"
EndProject
Global
	GlobalSection(SolutionConfigurationPlatforms) = preSolution
		Debug|Any CPU = Debug|Any CPU
		Release|Any CPU = Release|Any CPU
	EndGlobalSection
	GlobalSection(ProjectConfigurationPlatforms) = postSolution
		{BAB94CB4-819E-451E-A4FB-CC904AF7D2E2}.Debug|Any CPU.ActiveCfg = Debug|Any CPU
		{BAB94CB4-819E-451E-A4FB-CC904AF7D2E2}.Debug|Any CPU.Build.0 = Debug|Any CPU
		{BAB94CB4-819E-451E-A4FB-CC904AF7D2E2}.Release|Any CPU.ActiveCfg = Release|Any CPU
		{BAB94CB4-819E-451E-A4FB-CC904AF7D2E2}.Release|Any CPU.Build.0 = Release|Any CPU
		{ED85B6CE-FD34-4C57-9956-96E7B3F1CB0F}.Debug|Any CPU.ActiveCfg = Debug|Any CPU
		{ED85B6CE-FD34-4C57-9956-96E7B3F1CB0F}.Debug|Any CPU.Build.0 = Debug|Any CPU
		{ED85B6CE-FD34-4C57-9956-96E7B3F1CB0F}.Release|Any CPU.ActiveCfg = Release|Any CPU
		{ED85B6CE-FD34-4C57-9956-96E7B3F1CB0F}.Release|Any CPU.Build.0 = Release|Any CPU
		{22162B50-3A48-4553-97E8-C24ED9347651}.Debug|Any CPU.ActiveCfg = Debug|Any CPU
		{22162B50-3A48-4553-97E8-C24ED9347651}.Debug|Any CPU.Build.0 = Debug|Any CPU
		{22162B50-3A48-4553-97E8-C24ED9347651}.Release|Any CPU.ActiveCfg = Release|Any CPU
		{22162B50-3A48-4553-97E8-C24ED9347651}.Release|Any CPU.Build.0 = Release|Any CPU
		{8AC4998F-A019-40AC-ABB0-02AD86AE8A37}.Debug|Any CPU.ActiveCfg = Debug|Any CPU
		{8AC4998F-A019-40AC-ABB0-02AD86AE8A37}.Debug|Any CPU.Build.0 = Debug|Any CPU
		{8AC4998F-A019-40AC-ABB0-02AD86AE8A37}.Release|Any CPU.ActiveCfg = Release|Any CPU
		{8AC4998F-A019-40AC-ABB0-02AD86AE8A37}.Release|Any CPU.Build.0 = Release|Any CPU
		{58DEC5CB-2365-47CA-B1C7-D832C551229D}.Debug|Any CPU.ActiveCfg = Debug|Any CPU
		{58DEC5CB-2365-47CA-B1C7-D832C551229D}.Debug|Any CPU.Build.0 = Debug|Any CPU
		{58DEC5CB-2365-47CA-B1C7-D832C551229D}.Release|Any CPU.ActiveCfg = Release|Any CPU
		{58DEC5CB-2365-47CA-B1C7-D832C551229D}.Release|Any CPU.Build.0 = Release|Any CPU
		{4CF75AC8-D7DC-4DB6-8075-7DB43AE648E7}.Debug|Any CPU.ActiveCfg = Debug|Any CPU
		{4CF75AC8-D7DC-4DB6-8075-7DB43AE648E7}.Debug|Any CPU.Build.0 = Debug|Any CPU
		{4CF75AC8-D7DC-4DB6-8075-7DB43AE648E7}.Release|Any CPU.ActiveCfg = Release|Any CPU
		{4CF75AC8-D7DC-4DB6-8075-7DB43AE648E7}.Release|Any CPU.Build.0 = Release|Any CPU
		{C19BC798-D77D-4546-BE96-2382F9DB41B5}.Debug|Any CPU.ActiveCfg = Debug|Any CPU
		{C19BC798-D77D-4546-BE96-2382F9DB41B5}.Debug|Any CPU.Build.0 = Debug|Any CPU
		{C19BC798-D77D-4546-BE96-2382F9DB41B5}.Release|Any CPU.ActiveCfg = Release|Any CPU
		{C19BC798-D77D-4546-BE96-2382F9DB41B5}.Release|Any CPU.Build.0 = Release|Any CPU
		{196B485C-B2AB-42C5-9CBE-86DBFF30AB91}.Debug|Any CPU.ActiveCfg = Debug|Any CPU
		{196B485C-B2AB-42C5-9CBE-86DBFF30AB91}.Debug|Any CPU.Build.0 = Debug|Any CPU
		{196B485C-B2AB-42C5-9CBE-86DBFF30AB91}.Release|Any CPU.ActiveCfg = Release|Any CPU
		{196B485C-B2AB-42C5-9CBE-86DBFF30AB91}.Release|Any CPU.Build.0 = Release|Any CPU
		{5EF37B78-6587-46F5-905A-FFAB739FCC04}.Debug|Any CPU.ActiveCfg = Debug|Any CPU
		{5EF37B78-6587-46F5-905A-FFAB739FCC04}.Debug|Any CPU.Build.0 = Debug|Any CPU
		{5EF37B78-6587-46F5-905A-FFAB739FCC04}.Release|Any CPU.ActiveCfg = Release|Any CPU
		{5EF37B78-6587-46F5-905A-FFAB739FCC04}.Release|Any CPU.Build.0 = Release|Any CPU
		{CEBD0678-E65B-4CF1-8787-09ACFA410BDE}.Debug|Any CPU.ActiveCfg = Debug|Any CPU
		{CEBD0678-E65B-4CF1-8787-09ACFA410BDE}.Debug|Any CPU.Build.0 = Debug|Any CPU
		{CEBD0678-E65B-4CF1-8787-09ACFA410BDE}.Release|Any CPU.ActiveCfg = Release|Any CPU
		{CEBD0678-E65B-4CF1-8787-09ACFA410BDE}.Release|Any CPU.Build.0 = Release|Any CPU
		{1082781C-8F43-4803-85BA-E8012B195201}.Debug|Any CPU.ActiveCfg = Debug|Any CPU
		{1082781C-8F43-4803-85BA-E8012B195201}.Debug|Any CPU.Build.0 = Debug|Any CPU
		{1082781C-8F43-4803-85BA-E8012B195201}.Release|Any CPU.ActiveCfg = Release|Any CPU
		{1082781C-8F43-4803-85BA-E8012B195201}.Release|Any CPU.Build.0 = Release|Any CPU
		{760BDC47-7C28-427C-BFEF-EFA19AD71963}.Debug|Any CPU.ActiveCfg = Debug|Any CPU
		{760BDC47-7C28-427C-BFEF-EFA19AD71963}.Debug|Any CPU.Build.0 = Debug|Any CPU
		{760BDC47-7C28-427C-BFEF-EFA19AD71963}.Release|Any CPU.ActiveCfg = Release|Any CPU
		{760BDC47-7C28-427C-BFEF-EFA19AD71963}.Release|Any CPU.Build.0 = Release|Any CPU
		{3A980F77-4FED-473F-BC73-8E9F63F1BA78}.Debug|Any CPU.ActiveCfg = Debug|Any CPU
		{3A980F77-4FED-473F-BC73-8E9F63F1BA78}.Debug|Any CPU.Build.0 = Debug|Any CPU
		{3A980F77-4FED-473F-BC73-8E9F63F1BA78}.Release|Any CPU.ActiveCfg = Release|Any CPU
		{3A980F77-4FED-473F-BC73-8E9F63F1BA78}.Release|Any CPU.Build.0 = Release|Any CPU
		{0B049836-0486-401C-82AE-9305EE7EA32C}.Debug|Any CPU.ActiveCfg = Debug|Any CPU
		{0B049836-0486-401C-82AE-9305EE7EA32C}.Debug|Any CPU.Build.0 = Debug|Any CPU
		{0B049836-0486-401C-82AE-9305EE7EA32C}.Release|Any CPU.ActiveCfg = Release|Any CPU
		{0B049836-0486-401C-82AE-9305EE7EA32C}.Release|Any CPU.Build.0 = Release|Any CPU
		{7628F1A5-DAF8-4A77-80B4-19E5644F83F9}.Debug|Any CPU.ActiveCfg = Debug|Any CPU
		{7628F1A5-DAF8-4A77-80B4-19E5644F83F9}.Debug|Any CPU.Build.0 = Debug|Any CPU
		{7628F1A5-DAF8-4A77-80B4-19E5644F83F9}.Release|Any CPU.ActiveCfg = Release|Any CPU
		{7628F1A5-DAF8-4A77-80B4-19E5644F83F9}.Release|Any CPU.Build.0 = Release|Any CPU
		{FEDD7F59-0FD0-4BE1-9B79-429AF5C77177}.Debug|Any CPU.ActiveCfg = Debug|Any CPU
		{FEDD7F59-0FD0-4BE1-9B79-429AF5C77177}.Debug|Any CPU.Build.0 = Debug|Any CPU
		{FEDD7F59-0FD0-4BE1-9B79-429AF5C77177}.Release|Any CPU.ActiveCfg = Release|Any CPU
		{FEDD7F59-0FD0-4BE1-9B79-429AF5C77177}.Release|Any CPU.Build.0 = Release|Any CPU
		{4AFEDC5E-715F-4D02-87E7-96DDDE1A20E5}.Debug|Any CPU.ActiveCfg = Debug|Any CPU
		{4AFEDC5E-715F-4D02-87E7-96DDDE1A20E5}.Debug|Any CPU.Build.0 = Debug|Any CPU
		{4AFEDC5E-715F-4D02-87E7-96DDDE1A20E5}.Release|Any CPU.ActiveCfg = Release|Any CPU
		{4AFEDC5E-715F-4D02-87E7-96DDDE1A20E5}.Release|Any CPU.Build.0 = Release|Any CPU
		{504FC035-A7EC-465C-B4BD-8EFA30560DBF}.Debug|Any CPU.ActiveCfg = Debug|Any CPU
		{504FC035-A7EC-465C-B4BD-8EFA30560DBF}.Debug|Any CPU.Build.0 = Debug|Any CPU
		{504FC035-A7EC-465C-B4BD-8EFA30560DBF}.Release|Any CPU.ActiveCfg = Release|Any CPU
		{504FC035-A7EC-465C-B4BD-8EFA30560DBF}.Release|Any CPU.Build.0 = Release|Any CPU
		{FEC5F957-ED67-407C-963F-0040EB1569E6}.Debug|Any CPU.ActiveCfg = Debug|Any CPU
		{FEC5F957-ED67-407C-963F-0040EB1569E6}.Debug|Any CPU.Build.0 = Debug|Any CPU
		{FEC5F957-ED67-407C-963F-0040EB1569E6}.Release|Any CPU.ActiveCfg = Release|Any CPU
		{FEC5F957-ED67-407C-963F-0040EB1569E6}.Release|Any CPU.Build.0 = Release|Any CPU
		{5A076CA9-E42C-4968-AD4E-5865D0D4225A}.Debug|Any CPU.ActiveCfg = Debug|Any CPU
		{5A076CA9-E42C-4968-AD4E-5865D0D4225A}.Debug|Any CPU.Build.0 = Debug|Any CPU
		{5A076CA9-E42C-4968-AD4E-5865D0D4225A}.Release|Any CPU.ActiveCfg = Release|Any CPU
		{5A076CA9-E42C-4968-AD4E-5865D0D4225A}.Release|Any CPU.Build.0 = Release|Any CPU
		{D045C708-2029-4564-A6F4-7DC8082849A3}.Debug|Any CPU.ActiveCfg = Debug|Any CPU
		{D045C708-2029-4564-A6F4-7DC8082849A3}.Debug|Any CPU.Build.0 = Debug|Any CPU
		{D045C708-2029-4564-A6F4-7DC8082849A3}.Release|Any CPU.ActiveCfg = Release|Any CPU
		{D045C708-2029-4564-A6F4-7DC8082849A3}.Release|Any CPU.Build.0 = Release|Any CPU
		{F1B1FB5B-3BBA-4882-A204-2FAEDDA37ADB}.Debug|Any CPU.ActiveCfg = Debug|Any CPU
		{F1B1FB5B-3BBA-4882-A204-2FAEDDA37ADB}.Debug|Any CPU.Build.0 = Debug|Any CPU
		{F1B1FB5B-3BBA-4882-A204-2FAEDDA37ADB}.Release|Any CPU.ActiveCfg = Release|Any CPU
		{F1B1FB5B-3BBA-4882-A204-2FAEDDA37ADB}.Release|Any CPU.Build.0 = Release|Any CPU
		{ACFECD30-492F-48EC-A36B-635F015A0837}.Debug|Any CPU.ActiveCfg = Debug|Any CPU
		{ACFECD30-492F-48EC-A36B-635F015A0837}.Debug|Any CPU.Build.0 = Debug|Any CPU
		{ACFECD30-492F-48EC-A36B-635F015A0837}.Release|Any CPU.ActiveCfg = Release|Any CPU
		{ACFECD30-492F-48EC-A36B-635F015A0837}.Release|Any CPU.Build.0 = Release|Any CPU
		{90C681F7-0D98-45FA-B839-7B823E11073A}.Debug|Any CPU.ActiveCfg = Debug|Any CPU
		{90C681F7-0D98-45FA-B839-7B823E11073A}.Debug|Any CPU.Build.0 = Debug|Any CPU
		{90C681F7-0D98-45FA-B839-7B823E11073A}.Release|Any CPU.ActiveCfg = Release|Any CPU
		{90C681F7-0D98-45FA-B839-7B823E11073A}.Release|Any CPU.Build.0 = Release|Any CPU
		{89E12E40-7C7C-45FD-9EDA-32F9F92D135D}.Debug|Any CPU.ActiveCfg = Debug|Any CPU
		{89E12E40-7C7C-45FD-9EDA-32F9F92D135D}.Debug|Any CPU.Build.0 = Debug|Any CPU
		{89E12E40-7C7C-45FD-9EDA-32F9F92D135D}.Release|Any CPU.ActiveCfg = Release|Any CPU
		{89E12E40-7C7C-45FD-9EDA-32F9F92D135D}.Release|Any CPU.Build.0 = Release|Any CPU
		{17DD5A1F-EC89-46A7-9D2D-232188E5A99E}.Debug|Any CPU.ActiveCfg = Debug|Any CPU
		{17DD5A1F-EC89-46A7-9D2D-232188E5A99E}.Debug|Any CPU.Build.0 = Debug|Any CPU
		{17DD5A1F-EC89-46A7-9D2D-232188E5A99E}.Release|Any CPU.ActiveCfg = Release|Any CPU
		{17DD5A1F-EC89-46A7-9D2D-232188E5A99E}.Release|Any CPU.Build.0 = Release|Any CPU
		{D33A80BD-279A-4888-9E26-6C91F901A7A5}.Debug|Any CPU.ActiveCfg = Debug|Any CPU
		{D33A80BD-279A-4888-9E26-6C91F901A7A5}.Debug|Any CPU.Build.0 = Debug|Any CPU
		{D33A80BD-279A-4888-9E26-6C91F901A7A5}.Release|Any CPU.ActiveCfg = Release|Any CPU
		{D33A80BD-279A-4888-9E26-6C91F901A7A5}.Release|Any CPU.Build.0 = Release|Any CPU
		{949EDB37-5DEB-4D69-983E-01C84E4E2C40}.Debug|Any CPU.ActiveCfg = Debug|Any CPU
		{949EDB37-5DEB-4D69-983E-01C84E4E2C40}.Debug|Any CPU.Build.0 = Debug|Any CPU
		{949EDB37-5DEB-4D69-983E-01C84E4E2C40}.Release|Any CPU.ActiveCfg = Release|Any CPU
		{949EDB37-5DEB-4D69-983E-01C84E4E2C40}.Release|Any CPU.Build.0 = Release|Any CPU
		{CB0C6E03-6A05-4600-B822-0A3B0456996F}.Debug|Any CPU.ActiveCfg = Debug|Any CPU
		{CB0C6E03-6A05-4600-B822-0A3B0456996F}.Debug|Any CPU.Build.0 = Debug|Any CPU
		{CB0C6E03-6A05-4600-B822-0A3B0456996F}.Release|Any CPU.ActiveCfg = Release|Any CPU
		{CB0C6E03-6A05-4600-B822-0A3B0456996F}.Release|Any CPU.Build.0 = Release|Any CPU
		{57CDF535-B918-4056-9D87-4AADD82A55DF}.Debug|Any CPU.ActiveCfg = Debug|Any CPU
		{57CDF535-B918-4056-9D87-4AADD82A55DF}.Debug|Any CPU.Build.0 = Debug|Any CPU
		{57CDF535-B918-4056-9D87-4AADD82A55DF}.Release|Any CPU.ActiveCfg = Release|Any CPU
		{57CDF535-B918-4056-9D87-4AADD82A55DF}.Release|Any CPU.Build.0 = Release|Any CPU
		{3F942928-FF31-455F-860F-6D21DB12424F}.Debug|Any CPU.ActiveCfg = Debug|Any CPU
		{3F942928-FF31-455F-860F-6D21DB12424F}.Debug|Any CPU.Build.0 = Debug|Any CPU
		{3F942928-FF31-455F-860F-6D21DB12424F}.Release|Any CPU.ActiveCfg = Release|Any CPU
		{3F942928-FF31-455F-860F-6D21DB12424F}.Release|Any CPU.Build.0 = Release|Any CPU
		{BEF4AE1C-9A8C-4871-8E70-A72CE022D552}.Debug|Any CPU.ActiveCfg = Debug|Any CPU
		{BEF4AE1C-9A8C-4871-8E70-A72CE022D552}.Debug|Any CPU.Build.0 = Debug|Any CPU
		{BEF4AE1C-9A8C-4871-8E70-A72CE022D552}.Release|Any CPU.ActiveCfg = Release|Any CPU
		{BEF4AE1C-9A8C-4871-8E70-A72CE022D552}.Release|Any CPU.Build.0 = Release|Any CPU
		{8005A5E5-9ED7-4BC8-ADB9-BC3E854312A9}.Debug|Any CPU.ActiveCfg = Debug|Any CPU
		{8005A5E5-9ED7-4BC8-ADB9-BC3E854312A9}.Debug|Any CPU.Build.0 = Debug|Any CPU
		{8005A5E5-9ED7-4BC8-ADB9-BC3E854312A9}.Release|Any CPU.ActiveCfg = Release|Any CPU
		{8005A5E5-9ED7-4BC8-ADB9-BC3E854312A9}.Release|Any CPU.Build.0 = Release|Any CPU
		{B19A08E0-4A8C-4A45-983E-8BF58497A8AB}.Debug|Any CPU.ActiveCfg = Debug|Any CPU
		{B19A08E0-4A8C-4A45-983E-8BF58497A8AB}.Debug|Any CPU.Build.0 = Debug|Any CPU
		{B19A08E0-4A8C-4A45-983E-8BF58497A8AB}.Release|Any CPU.ActiveCfg = Release|Any CPU
		{B19A08E0-4A8C-4A45-983E-8BF58497A8AB}.Release|Any CPU.Build.0 = Release|Any CPU
		{CF08AC32-3C97-46F4-813D-0F42136A6054}.Debug|Any CPU.ActiveCfg = Debug|Any CPU
		{CF08AC32-3C97-46F4-813D-0F42136A6054}.Debug|Any CPU.Build.0 = Debug|Any CPU
		{CF08AC32-3C97-46F4-813D-0F42136A6054}.Release|Any CPU.ActiveCfg = Release|Any CPU
		{CF08AC32-3C97-46F4-813D-0F42136A6054}.Release|Any CPU.Build.0 = Release|Any CPU
	EndGlobalSection
	GlobalSection(SolutionProperties) = preSolution
		HideSolutionNode = FALSE
	EndGlobalSection
	GlobalSection(NestedProjects) = preSolution
		{BAB94CB4-819E-451E-A4FB-CC904AF7D2E2} = {DF8E1E7A-79D2-4072-82E9-68942C62D83A}
		{ED85B6CE-FD34-4C57-9956-96E7B3F1CB0F} = {DF8E1E7A-79D2-4072-82E9-68942C62D83A}
		{22162B50-3A48-4553-97E8-C24ED9347651} = {DF8E1E7A-79D2-4072-82E9-68942C62D83A}
		{8AC4998F-A019-40AC-ABB0-02AD86AE8A37} = {DF8E1E7A-79D2-4072-82E9-68942C62D83A}
		{58DEC5CB-2365-47CA-B1C7-D832C551229D} = {DF8E1E7A-79D2-4072-82E9-68942C62D83A}
		{4CF75AC8-D7DC-4DB6-8075-7DB43AE648E7} = {ABCA63F7-D041-4A8B-AC08-FB0AD66331CF}
		{C19BC798-D77D-4546-BE96-2382F9DB41B5} = {A33D7C35-54B9-48B1-BD9A-43EEA15681D3}
		{196B485C-B2AB-42C5-9CBE-86DBFF30AB91} = {45CD3C82-D8CD-479A-802D-FFF20B13E054}
		{5EF37B78-6587-46F5-905A-FFAB739FCC04} = {45CD3C82-D8CD-479A-802D-FFF20B13E054}
		{CEBD0678-E65B-4CF1-8787-09ACFA410BDE} = {45CD3C82-D8CD-479A-802D-FFF20B13E054}
		{1082781C-8F43-4803-85BA-E8012B195201} = {45CD3C82-D8CD-479A-802D-FFF20B13E054}
		{760BDC47-7C28-427C-BFEF-EFA19AD71963} = {45CD3C82-D8CD-479A-802D-FFF20B13E054}
		{3A980F77-4FED-473F-BC73-8E9F63F1BA78} = {62DCF784-1194-4754-B3DD-B12E5CC5E96C}
		{0B049836-0486-401C-82AE-9305EE7EA32C} = {62DCF784-1194-4754-B3DD-B12E5CC5E96C}
		{7628F1A5-DAF8-4A77-80B4-19E5644F83F9} = {62DCF784-1194-4754-B3DD-B12E5CC5E96C}
		{FEDD7F59-0FD0-4BE1-9B79-429AF5C77177} = {62DCF784-1194-4754-B3DD-B12E5CC5E96C}
		{4AFEDC5E-715F-4D02-87E7-96DDDE1A20E5} = {62DCF784-1194-4754-B3DD-B12E5CC5E96C}
		{504FC035-A7EC-465C-B4BD-8EFA30560DBF} = {62DCF784-1194-4754-B3DD-B12E5CC5E96C}
		{FEC5F957-ED67-407C-963F-0040EB1569E6} = {62DCF784-1194-4754-B3DD-B12E5CC5E96C}
		{5A076CA9-E42C-4968-AD4E-5865D0D4225A} = {6D28F960-90DA-4208-A6B7-3DA9295DD08B}
		{D045C708-2029-4564-A6F4-7DC8082849A3} = {6D28F960-90DA-4208-A6B7-3DA9295DD08B}
		{F1B1FB5B-3BBA-4882-A204-2FAEDDA37ADB} = {6D28F960-90DA-4208-A6B7-3DA9295DD08B}
		{ACFECD30-492F-48EC-A36B-635F015A0837} = {7A431774-B954-4F5E-AA12-F7839146ABA0}
		{90C681F7-0D98-45FA-B839-7B823E11073A} = {9EC816E8-E71A-40A4-A63F-0C7424D15D67}
		{89E12E40-7C7C-45FD-9EDA-32F9F92D135D} = {9EC816E8-E71A-40A4-A63F-0C7424D15D67}
		{17DD5A1F-EC89-46A7-9D2D-232188E5A99E} = {9EC816E8-E71A-40A4-A63F-0C7424D15D67}
		{D33A80BD-279A-4888-9E26-6C91F901A7A5} = {9EC816E8-E71A-40A4-A63F-0C7424D15D67}
		{949EDB37-5DEB-4D69-983E-01C84E4E2C40} = {B6E2D519-F97F-49A2-8EE9-D1D7A242979B}
		{CB0C6E03-6A05-4600-B822-0A3B0456996F} = {B6E2D519-F97F-49A2-8EE9-D1D7A242979B}
		{57CDF535-B918-4056-9D87-4AADD82A55DF} = {B6E2D519-F97F-49A2-8EE9-D1D7A242979B}
		{3F942928-FF31-455F-860F-6D21DB12424F} = {B6E2D519-F97F-49A2-8EE9-D1D7A242979B}
		{BEF4AE1C-9A8C-4871-8E70-A72CE022D552} = {36D912BB-6C1E-4FB0-804C-4D06D68ED47D}
		{8005A5E5-9ED7-4BC8-ADB9-BC3E854312A9} = {36D912BB-6C1E-4FB0-804C-4D06D68ED47D}
		{B19A08E0-4A8C-4A45-983E-8BF58497A8AB} = {36D912BB-6C1E-4FB0-804C-4D06D68ED47D}
		{CF08AC32-3C97-46F4-813D-0F42136A6054} = {FCE2606A-FF60-45C2-BC23-0845E8DAD995}
	EndGlobalSection
	GlobalSection(ExtensibilityGlobals) = postSolution
		SolutionGuid = {204D3201-95AE-4C08-88B4-F574D13147D0}
	EndGlobalSection
EndGlobal
